
Microsoft Visual Studio Solution File, Format Version 12.00
# Visual Studio Version 16
VisualStudioVersion = 16.0.29230.47
MinimumVisualStudioVersion = 10.0.40219.1
Project("{9A19103F-16F7-4668-BE54-9A1E7A4F7556}") = "SQLite.Attribute", "SQLite.Attribute\SQLite.Attribute.csproj", "{FAD87DD6-A245-4429-92CB-3DAD93338A5B}"
EndProject
Project("{9A19103F-16F7-4668-BE54-9A1E7A4F7556}") = "AutoGenerated.DB", "AutoGenerated.DB\AutoGenerated.DB.csproj", "{C8694AEE-35D9-4C39-A48D-0E90A6EA77BD}"
EndProject
Project("{9A19103F-16F7-4668-BE54-9A1E7A4F7556}") = "dotnet-nf-dataflow", "dotnet-nf-dataflow\dotnet-nf-dataflow.csproj", "{21138156-A2EC-40AF-A92C-BA1D8F71B5E7}"
EndProject
Global
	GlobalSection(SolutionConfigurationPlatforms) = preSolution
		Debug|Any CPU = Debug|Any CPU
		Release|Any CPU = Release|Any CPU
	EndGlobalSection
	GlobalSection(ProjectConfigurationPlatforms) = postSolution
		{FAD87DD6-A245-4429-92CB-3DAD93338A5B}.Debug|Any CPU.ActiveCfg = Debug|Any CPU
		{FAD87DD6-A245-4429-92CB-3DAD93338A5B}.Debug|Any CPU.Build.0 = Debug|Any CPU
		{FAD87DD6-A245-4429-92CB-3DAD93338A5B}.Release|Any CPU.ActiveCfg = Release|Any CPU
		{FAD87DD6-A245-4429-92CB-3DAD93338A5B}.Release|Any CPU.Build.0 = Release|Any CPU
		{C8694AEE-35D9-4C39-A48D-0E90A6EA77BD}.Debug|Any CPU.ActiveCfg = Debug|Any CPU
		{C8694AEE-35D9-4C39-A48D-0E90A6EA77BD}.Debug|Any CPU.Build.0 = Debug|Any CPU
		{C8694AEE-35D9-4C39-A48D-0E90A6EA77BD}.Release|Any CPU.ActiveCfg = Release|Any CPU
		{C8694AEE-35D9-4C39-A48D-0E90A6EA77BD}.Release|Any CPU.Build.0 = Release|Any CPU
		{21138156-A2EC-40AF-A92C-BA1D8F71B5E7}.Debug|Any CPU.ActiveCfg = Debug|Any CPU
		{21138156-A2EC-40AF-A92C-BA1D8F71B5E7}.Debug|Any CPU.Build.0 = Debug|Any CPU
		{21138156-A2EC-40AF-A92C-BA1D8F71B5E7}.Release|Any CPU.ActiveCfg = Release|Any CPU
		{21138156-A2EC-40AF-A92C-BA1D8F71B5E7}.Release|Any CPU.Build.0 = Release|Any CPU
	EndGlobalSection
	GlobalSection(SolutionProperties) = preSolution
		HideSolutionNode = FALSE
	EndGlobalSection
	GlobalSection(ExtensibilityGlobals) = postSolution
		SolutionGuid = {23093A9B-05E6-4B51-A89D-1594F6DC2D4F}
	EndGlobalSection
EndGlobal
