
Microsoft Visual Studio Solution File, Format Version 12.00
Project("{FAE04EC0-301F-11D3-BF4B-00C04F79EFBC}") = "SQLite.Attribute", "SQLite.Attribute\SQLite.Attribute.csproj", "{FAD87DD6-A245-4429-92CB-3DAD93338A5B}"
EndProject
Project("{FAE04EC0-301F-11D3-BF4B-00C04F79EFBC}") = "NF.CLI.DataExporter", "NF.CLI.DataExporter\NF.CLI.DataExporter.csproj", "{46D6DEFA-92B4-4ECF-A2F1-75DE3F5323F9}"
EndProject
Project("{FAE04EC0-301F-11D3-BF4B-00C04F79EFBC}") = "NF.CLI.ClassGenerator", "NF.CLI.ClassGenerator\NF.CLI.ClassGenerator.csproj", "{44D90721-CD9E-408A-A656-644C668B864B}"
EndProject
Project("{FAE04EC0-301F-11D3-BF4B-00C04F79EFBC}") = "AutoGenerated.DB", "AutoGenerated.DB\AutoGenerated.DB.csproj", "{C8694AEE-35D9-4C39-A48D-0E90A6EA77BD}"
EndProject
Global
	GlobalSection(SolutionConfigurationPlatforms) = preSolution
		Debug|Any CPU = Debug|Any CPU
		Release|Any CPU = Release|Any CPU
	EndGlobalSection
	GlobalSection(ProjectConfigurationPlatforms) = postSolution
		{66B6FF3B-073B-46EA-BB97-B73CBCBAE297}.Debug|Any CPU.ActiveCfg = Debug|Any CPU
		{66B6FF3B-073B-46EA-BB97-B73CBCBAE297}.Debug|Any CPU.Build.0 = Debug|Any CPU
		{66B6FF3B-073B-46EA-BB97-B73CBCBAE297}.Release|Any CPU.ActiveCfg = Release|Any CPU
		{66B6FF3B-073B-46EA-BB97-B73CBCBAE297}.Release|Any CPU.Build.0 = Release|Any CPU
		{FAD87DD6-A245-4429-92CB-3DAD93338A5B}.Debug|Any CPU.ActiveCfg = Debug|Any CPU
		{FAD87DD6-A245-4429-92CB-3DAD93338A5B}.Debug|Any CPU.Build.0 = Debug|Any CPU
		{FAD87DD6-A245-4429-92CB-3DAD93338A5B}.Release|Any CPU.ActiveCfg = Release|Any CPU
		{FAD87DD6-A245-4429-92CB-3DAD93338A5B}.Release|Any CPU.Build.0 = Release|Any CPU
		{46D6DEFA-92B4-4ECF-A2F1-75DE3F5323F9}.Debug|Any CPU.ActiveCfg = Debug|Any CPU
		{46D6DEFA-92B4-4ECF-A2F1-75DE3F5323F9}.Debug|Any CPU.Build.0 = Debug|Any CPU
		{46D6DEFA-92B4-4ECF-A2F1-75DE3F5323F9}.Release|Any CPU.ActiveCfg = Release|Any CPU
		{46D6DEFA-92B4-4ECF-A2F1-75DE3F5323F9}.Release|Any CPU.Build.0 = Release|Any CPU
		{44D90721-CD9E-408A-A656-644C668B864B}.Debug|Any CPU.ActiveCfg = Debug|Any CPU
		{44D90721-CD9E-408A-A656-644C668B864B}.Debug|Any CPU.Build.0 = Debug|Any CPU
		{44D90721-CD9E-408A-A656-644C668B864B}.Release|Any CPU.ActiveCfg = Release|Any CPU
		{44D90721-CD9E-408A-A656-644C668B864B}.Release|Any CPU.Build.0 = Release|Any CPU
		{C8694AEE-35D9-4C39-A48D-0E90A6EA77BD}.Debug|Any CPU.ActiveCfg = Debug|Any CPU
		{C8694AEE-35D9-4C39-A48D-0E90A6EA77BD}.Debug|Any CPU.Build.0 = Debug|Any CPU
		{C8694AEE-35D9-4C39-A48D-0E90A6EA77BD}.Release|Any CPU.ActiveCfg = Release|Any CPU
		{C8694AEE-35D9-4C39-A48D-0E90A6EA77BD}.Release|Any CPU.Build.0 = Release|Any CPU
	EndGlobalSection
EndGlobal
